
Microsoft Visual Studio Solution File, Format Version 12.00
# Visual Studio Version 17
VisualStudioVersion = 17.0.31903.59
MinimumVisualStudioVersion = 10.0.40219.1
Project("{2150E333-8FDC-42A3-9474-1A3956D46DE8}") = "src", "src", "{827E0CD3-B72D-47B6-A68D-7590B98EB39B}"
EndProject
Project("{FAE04EC0-301F-11D3-BF4B-00C04F79EFBC}") = "PersonalBot.Domain", "src\PersonalBot.Domain\PersonalBot.Domain.csproj", "{8E6F91B8-EAFC-4D5F-9FDC-F61F1EFB9A22}"
EndProject
Project("{FAE04EC0-301F-11D3-BF4B-00C04F79EFBC}") = "PersonalBot.Application", "src\PersonalBot.Application\PersonalBot.Application.csproj", "{02E8D807-3843-4310-B00A-777BA95E8E98}"
EndProject
Project("{FAE04EC0-301F-11D3-BF4B-00C04F79EFBC}") = "PersonalBot.Infrastructure", "src\PersonalBot.Infrastructure\PersonalBot.Infrastructure.csproj", "{6207B3A8-D7CB-4B67-B5FB-4068A0B87560}"
EndProject
Project("{FAE04EC0-301F-11D3-BF4B-00C04F79EFBC}") = "PersonalBot.WebAPI", "src\PersonalBot.WebAPI\PersonalBot.WebAPI.csproj", "{B2D1CC13-41E2-4883-BD3F-BBC57646B09C}"
EndProject
Project("{2150E333-8FDC-42A3-9474-1A3956D46DE8}") = "tests", "tests", "{0AB3BF05-4346-4AA6-1389-037BE0695223}"
EndProject
Project("{FAE04EC0-301F-11D3-BF4B-00C04F79EFBC}") = "PersonalBot.Domain.Tests", "tests\PersonalBot.Domain.Tests\PersonalBot.Domain.Tests.csproj", "{6FC6B08A-EB46-4B43-8C94-E8DDCCBFDF22}"
EndProject
Project("{FAE04EC0-301F-11D3-BF4B-00C04F79EFBC}") = "PersonalBot.Application.Tests", "tests\PersonalBot.Application.Tests\PersonalBot.Application.Tests.csproj", "{3A21B672-6245-43E6-86D5-2F12611B4E96}"
EndProject
Global
	GlobalSection(SolutionConfigurationPlatforms) = preSolution
		Debug|Any CPU = Debug|Any CPU
		Debug|x64 = Debug|x64
		Debug|x86 = Debug|x86
		Release|Any CPU = Release|Any CPU
		Release|x64 = Release|x64
		Release|x86 = Release|x86
	EndGlobalSection
	GlobalSection(ProjectConfigurationPlatforms) = postSolution
		{8E6F91B8-EAFC-4D5F-9FDC-F61F1EFB9A22}.Debug|Any CPU.ActiveCfg = Debug|Any CPU
		{8E6F91B8-EAFC-4D5F-9FDC-F61F1EFB9A22}.Debug|Any CPU.Build.0 = Debug|Any CPU
		{8E6F91B8-EAFC-4D5F-9FDC-F61F1EFB9A22}.Debug|x64.ActiveCfg = Debug|Any CPU
		{8E6F91B8-EAFC-4D5F-9FDC-F61F1EFB9A22}.Debug|x64.Build.0 = Debug|Any CPU
		{8E6F91B8-EAFC-4D5F-9FDC-F61F1EFB9A22}.Debug|x86.ActiveCfg = Debug|Any CPU
		{8E6F91B8-EAFC-4D5F-9FDC-F61F1EFB9A22}.Debug|x86.Build.0 = Debug|Any CPU
		{8E6F91B8-EAFC-4D5F-9FDC-F61F1EFB9A22}.Release|Any CPU.ActiveCfg = Release|Any CPU
		{8E6F91B8-EAFC-4D5F-9FDC-F61F1EFB9A22}.Release|Any CPU.Build.0 = Release|Any CPU
		{8E6F91B8-EAFC-4D5F-9FDC-F61F1EFB9A22}.Release|x64.ActiveCfg = Release|Any CPU
		{8E6F91B8-EAFC-4D5F-9FDC-F61F1EFB9A22}.Release|x64.Build.0 = Release|Any CPU
		{8E6F91B8-EAFC-4D5F-9FDC-F61F1EFB9A22}.Release|x86.ActiveCfg = Release|Any CPU
		{8E6F91B8-EAFC-4D5F-9FDC-F61F1EFB9A22}.Release|x86.Build.0 = Release|Any CPU
		{02E8D807-3843-4310-B00A-777BA95E8E98}.Debug|Any CPU.ActiveCfg = Debug|Any CPU
		{02E8D807-3843-4310-B00A-777BA95E8E98}.Debug|Any CPU.Build.0 = Debug|Any CPU
		{02E8D807-3843-4310-B00A-777BA95E8E98}.Debug|x64.ActiveCfg = Debug|Any CPU
		{02E8D807-3843-4310-B00A-777BA95E8E98}.Debug|x64.Build.0 = Debug|Any CPU
		{02E8D807-3843-4310-B00A-777BA95E8E98}.Debug|x86.ActiveCfg = Debug|Any CPU
		{02E8D807-3843-4310-B00A-777BA95E8E98}.Debug|x86.Build.0 = Debug|Any CPU
		{02E8D807-3843-4310-B00A-777BA95E8E98}.Release|Any CPU.ActiveCfg = Release|Any CPU
		{02E8D807-3843-4310-B00A-777BA95E8E98}.Release|Any CPU.Build.0 = Release|Any CPU
		{02E8D807-3843-4310-B00A-777BA95E8E98}.Release|x64.ActiveCfg = Release|Any CPU
		{02E8D807-3843-4310-B00A-777BA95E8E98}.Release|x64.Build.0 = Release|Any CPU
		{02E8D807-3843-4310-B00A-777BA95E8E98}.Release|x86.ActiveCfg = Release|Any CPU
		{02E8D807-3843-4310-B00A-777BA95E8E98}.Release|x86.Build.0 = Release|Any CPU
		{6207B3A8-D7CB-4B67-B5FB-4068A0B87560}.Debug|Any CPU.ActiveCfg = Debug|Any CPU
		{6207B3A8-D7CB-4B67-B5FB-4068A0B87560}.Debug|Any CPU.Build.0 = Debug|Any CPU
		{6207B3A8-D7CB-4B67-B5FB-4068A0B87560}.Debug|x64.ActiveCfg = Debug|Any CPU
		{6207B3A8-D7CB-4B67-B5FB-4068A0B87560}.Debug|x64.Build.0 = Debug|Any CPU
		{6207B3A8-D7CB-4B67-B5FB-4068A0B87560}.Debug|x86.ActiveCfg = Debug|Any CPU
		{6207B3A8-D7CB-4B67-B5FB-4068A0B87560}.Debug|x86.Build.0 = Debug|Any CPU
		{6207B3A8-D7CB-4B67-B5FB-4068A0B87560}.Release|Any CPU.ActiveCfg = Release|Any CPU
		{6207B3A8-D7CB-4B67-B5FB-4068A0B87560}.Release|Any CPU.Build.0 = Release|Any CPU
		{6207B3A8-D7CB-4B67-B5FB-4068A0B87560}.Release|x64.ActiveCfg = Release|Any CPU
		{6207B3A8-D7CB-4B67-B5FB-4068A0B87560}.Release|x64.Build.0 = Release|Any CPU
		{6207B3A8-D7CB-4B67-B5FB-4068A0B87560}.Release|x86.ActiveCfg = Release|Any CPU
		{6207B3A8-D7CB-4B67-B5FB-4068A0B87560}.Release|x86.Build.0 = Release|Any CPU
		{B2D1CC13-41E2-4883-BD3F-BBC57646B09C}.Debug|Any CPU.ActiveCfg = Debug|Any CPU
		{B2D1CC13-41E2-4883-BD3F-BBC57646B09C}.Debug|Any CPU.Build.0 = Debug|Any CPU
		{B2D1CC13-41E2-4883-BD3F-BBC57646B09C}.Debug|x64.ActiveCfg = Debug|Any CPU
		{B2D1CC13-41E2-4883-BD3F-BBC57646B09C}.Debug|x64.Build.0 = Debug|Any CPU
		{B2D1CC13-41E2-4883-BD3F-BBC57646B09C}.Debug|x86.ActiveCfg = Debug|Any CPU
		{B2D1CC13-41E2-4883-BD3F-BBC57646B09C}.Debug|x86.Build.0 = Debug|Any CPU
		{B2D1CC13-41E2-4883-BD3F-BBC57646B09C}.Release|Any CPU.ActiveCfg = Release|Any CPU
		{B2D1CC13-41E2-4883-BD3F-BBC57646B09C}.Release|Any CPU.Build.0 = Release|Any CPU
		{B2D1CC13-41E2-4883-BD3F-BBC57646B09C}.Release|x64.ActiveCfg = Release|Any CPU
		{B2D1CC13-41E2-4883-BD3F-BBC57646B09C}.Release|x64.Build.0 = Release|Any CPU
		{B2D1CC13-41E2-4883-BD3F-BBC57646B09C}.Release|x86.ActiveCfg = Release|Any CPU
		{B2D1CC13-41E2-4883-BD3F-BBC57646B09C}.Release|x86.Build.0 = Release|Any CPU
		{6FC6B08A-EB46-4B43-8C94-E8DDCCBFDF22}.Debug|Any CPU.ActiveCfg = Debug|Any CPU
		{6FC6B08A-EB46-4B43-8C94-E8DDCCBFDF22}.Debug|Any CPU.Build.0 = Debug|Any CPU
		{6FC6B08A-EB46-4B43-8C94-E8DDCCBFDF22}.Debug|x64.ActiveCfg = Debug|Any CPU
		{6FC6B08A-EB46-4B43-8C94-E8DDCCBFDF22}.Debug|x64.Build.0 = Debug|Any CPU
		{6FC6B08A-EB46-4B43-8C94-E8DDCCBFDF22}.Debug|x86.ActiveCfg = Debug|Any CPU
		{6FC6B08A-EB46-4B43-8C94-E8DDCCBFDF22}.Debug|x86.Build.0 = Debug|Any CPU
		{6FC6B08A-EB46-4B43-8C94-E8DDCCBFDF22}.Release|Any CPU.ActiveCfg = Release|Any CPU
		{6FC6B08A-EB46-4B43-8C94-E8DDCCBFDF22}.Release|Any CPU.Build.0 = Release|Any CPU
		{6FC6B08A-EB46-4B43-8C94-E8DDCCBFDF22}.Release|x64.ActiveCfg = Release|Any CPU
		{6FC6B08A-EB46-4B43-8C94-E8DDCCBFDF22}.Release|x64.Build.0 = Release|Any CPU
		{6FC6B08A-EB46-4B43-8C94-E8DDCCBFDF22}.Release|x86.ActiveCfg = Release|Any CPU
		{6FC6B08A-EB46-4B43-8C94-E8DDCCBFDF22}.Release|x86.Build.0 = Release|Any CPU
		{3A21B672-6245-43E6-86D5-2F12611B4E96}.Debug|Any CPU.ActiveCfg = Debug|Any CPU
		{3A21B672-6245-43E6-86D5-2F12611B4E96}.Debug|Any CPU.Build.0 = Debug|Any CPU
		{3A21B672-6245-43E6-86D5-2F12611B4E96}.Debug|x64.ActiveCfg = Debug|Any CPU
		{3A21B672-6245-43E6-86D5-2F12611B4E96}.Debug|x64.Build.0 = Debug|Any CPU
		{3A21B672-6245-43E6-86D5-2F12611B4E96}.Debug|x86.ActiveCfg = Debug|Any CPU
		{3A21B672-6245-43E6-86D5-2F12611B4E96}.Debug|x86.Build.0 = Debug|Any CPU
		{3A21B672-6245-43E6-86D5-2F12611B4E96}.Release|Any CPU.ActiveCfg = Release|Any CPU
		{3A21B672-6245-43E6-86D5-2F12611B4E96}.Release|Any CPU.Build.0 = Release|Any CPU
		{3A21B672-6245-43E6-86D5-2F12611B4E96}.Release|x64.ActiveCfg = Release|Any CPU
		{3A21B672-6245-43E6-86D5-2F12611B4E96}.Release|x64.Build.0 = Release|Any CPU
		{3A21B672-6245-43E6-86D5-2F12611B4E96}.Release|x86.ActiveCfg = Release|Any CPU
		{3A21B672-6245-43E6-86D5-2F12611B4E96}.Release|x86.Build.0 = Release|Any CPU
	EndGlobalSection
	GlobalSection(SolutionProperties) = preSolution
		HideSolutionNode = FALSE
	EndGlobalSection
	GlobalSection(NestedProjects) = preSolution
		{8E6F91B8-EAFC-4D5F-9FDC-F61F1EFB9A22} = {827E0CD3-B72D-47B6-A68D-7590B98EB39B}
		{02E8D807-3843-4310-B00A-777BA95E8E98} = {827E0CD3-B72D-47B6-A68D-7590B98EB39B}
		{6207B3A8-D7CB-4B67-B5FB-4068A0B87560} = {827E0CD3-B72D-47B6-A68D-7590B98EB39B}
		{B2D1CC13-41E2-4883-BD3F-BBC57646B09C} = {827E0CD3-B72D-47B6-A68D-7590B98EB39B}
		{6FC6B08A-EB46-4B43-8C94-E8DDCCBFDF22} = {0AB3BF05-4346-4AA6-1389-037BE0695223}
		{3A21B672-6245-43E6-86D5-2F12611B4E96} = {0AB3BF05-4346-4AA6-1389-037BE0695223}
	EndGlobalSection
EndGlobal
